# This file is automatically @generated by Cargo.
# It is not intended for manual editing.
version = 3

[[package]]
name = "huff"
version = "0.1.0"
dependencies = [
 "rustc-hash",
 "unchecked_unwrap",
]

[[package]]
name = "rustc-hash"
version = "1.1.0"
source = "registry+https://github.com/rust-lang/crates.io-index"
checksum = "08d43f7aa6b08d49f382cde6a7982047c3426db949b1424bc4b7ec9ae12c6ce2"

[[package]]
name = "unchecked_unwrap"
version = "3.0.0"
source = "registry+https://github.com/rust-lang/crates.io-index"
checksum = "3c24f3a206e040c2d1f2bc5987864f777cb807ad4f50bed46dbfa2af917be2d8"
